
Microsoft Visual Studio Solution File, Format Version 12.00
# Visual Studio 15
VisualStudioVersion = 15.0.27130.2020
MinimumVisualStudioVersion = 10.0.40219.1
Project("{9A19103F-16F7-4668-BE54-9A1E7A4F7556}") = "SJP.Schematic.Core", "SJP.Schematic.Core\SJP.Schematic.Core.csproj", "{A46BFB1C-82E2-443A-8163-9BFFE052DE3D}"
EndProject
Project("{9A19103F-16F7-4668-BE54-9A1E7A4F7556}") = "SJP.Schematic.Core.Tests", "SJP.Schematic.Core.Tests\SJP.Schematic.Core.Tests.csproj", "{81476561-E9BD-466A-BB96-5B54375398D9}"
EndProject
Project("{9A19103F-16F7-4668-BE54-9A1E7A4F7556}") = "SJP.Schematic.SqlServer.Tests", "SJP.Schematic.SqlServer.Tests\SJP.Schematic.SqlServer.Tests.csproj", "{8C3D7B3D-B2DC-418B-9BB5-E9F39A11857C}"
EndProject
Project("{9A19103F-16F7-4668-BE54-9A1E7A4F7556}") = "SJP.Schematic.Sqlite.Tests", "SJP.Schematic.Sqlite.Tests\SJP.Schematic.Sqlite.Tests.csproj", "{366A0989-DFB8-4497-8998-C07984A69322}"
EndProject
Project("{9A19103F-16F7-4668-BE54-9A1E7A4F7556}") = "SJP.Schematic.Modelled", "SJP.Schematic.Modelled\SJP.Schematic.Modelled.csproj", "{76CF8690-5435-4080-BF55-3AC4243104E8}"
EndProject
Project("{9A19103F-16F7-4668-BE54-9A1E7A4F7556}") = "SJP.Schematic.Modelled.Reflection", "SJP.Schematic.Modelled.Reflection\SJP.Schematic.Modelled.Reflection.csproj", "{2063EAD2-F554-40B8-B836-C61927C1FFB5}"
EndProject
Project("{9A19103F-16F7-4668-BE54-9A1E7A4F7556}") = "SJP.Schematic.Sqlite", "SJP.Schematic.Sqlite\SJP.Schematic.Sqlite.csproj", "{81A631CE-36FE-4F24-9F91-F859B1DE375B}"
EndProject
Project("{9A19103F-16F7-4668-BE54-9A1E7A4F7556}") = "SJP.Schematic.SqlServer", "SJP.Schematic.SqlServer\SJP.Schematic.SqlServer.csproj", "{513C86D6-09A3-40A3-BA3F-B5DB92680F37}"
EndProject
Project("{9A19103F-16F7-4668-BE54-9A1E7A4F7556}") = "SJP.Schematic.Modelled.Tests", "SJP.Schematic.Modelled.Tests\SJP.Schematic.Modelled.Tests.csproj", "{81517592-A943-4922-8A0D-13D08E6556C5}"
EndProject
Project("{9A19103F-16F7-4668-BE54-9A1E7A4F7556}") = "SJP.Schematic.Modelled.Reflection.Tests", "SJP.Schematic.Modelled.Reflection.Tests\SJP.Schematic.Modelled.Reflection.Tests.csproj", "{6238DB7F-02AD-4DB6-B4E4-7476BF9691E6}"
EndProject
Project("{9A19103F-16F7-4668-BE54-9A1E7A4F7556}") = "SJP.Schematic.MySql", "SJP.Schematic.MySql\SJP.Schematic.MySql.csproj", "{3ACEC351-FC16-4926-B426-57072DD5FBAA}"
EndProject
Project("{9A19103F-16F7-4668-BE54-9A1E7A4F7556}") = "SJP.Schematic.MySql.Tests", "SJP.Schematic.MySql.Tests\SJP.Schematic.MySql.Tests.csproj", "{15CE2463-5F61-4464-A790-3456863A552F}"
EndProject
Project("{9A19103F-16F7-4668-BE54-9A1E7A4F7556}") = "SJP.Schematic.PostgreSql.Tests", "SJP.Schematic.PostgreSql.Tests\SJP.Schematic.PostgreSql.Tests.csproj", "{88859893-664F-4949-B5FE-A9EF2760EA12}"
EndProject
Project("{9A19103F-16F7-4668-BE54-9A1E7A4F7556}") = "SJP.Schematic.PostgreSql", "SJP.Schematic.PostgreSql\SJP.Schematic.PostgreSql.csproj", "{8DE9D7DC-EE0E-4ED0-94A3-CD361BDE0F7F}"
EndProject
Project("{9A19103F-16F7-4668-BE54-9A1E7A4F7556}") = "SJP.Schematic.DataAccess", "SJP.Schematic.DataAccess\SJP.Schematic.DataAccess.csproj", "{20A5F2BF-650B-4E77-ACFE-9A86B23C57FA}"
EndProject
Project("{9A19103F-16F7-4668-BE54-9A1E7A4F7556}") = "SJP.Schematic.DataAccess.Poco", "SJP.Schematic.DataAccess.Poco\SJP.Schematic.DataAccess.Poco.csproj", "{DD88C6AD-B399-4FF9-9FBC-9404CBBE7953}"
EndProject
Project("{9A19103F-16F7-4668-BE54-9A1E7A4F7556}") = "SJP.Schematic.DataAccess.OrmLite", "SJP.Schematic.DataAccess.OrmLite\SJP.Schematic.DataAccess.OrmLite.csproj", "{54B418F5-6B57-4E52-A852-4554C0B58A78}"
EndProject
Project("{9A19103F-16F7-4668-BE54-9A1E7A4F7556}") = "SJP.Schematic.DataAccess.EntityFrameworkCore", "SJP.Schematic.DataAccess.EntityFrameworkCore\SJP.Schematic.DataAccess.EntityFrameworkCore.csproj", "{00018222-E4B7-41C2-83B0-0FE5CD744FC5}"
EndProject
Global
	GlobalSection(SolutionConfigurationPlatforms) = preSolution
		Debug|Any CPU = Debug|Any CPU
		Release|Any CPU = Release|Any CPU
	EndGlobalSection
	GlobalSection(ProjectConfigurationPlatforms) = postSolution
		{A46BFB1C-82E2-443A-8163-9BFFE052DE3D}.Debug|Any CPU.ActiveCfg = Debug|Any CPU
		{A46BFB1C-82E2-443A-8163-9BFFE052DE3D}.Debug|Any CPU.Build.0 = Debug|Any CPU
		{A46BFB1C-82E2-443A-8163-9BFFE052DE3D}.Release|Any CPU.ActiveCfg = Release|Any CPU
		{A46BFB1C-82E2-443A-8163-9BFFE052DE3D}.Release|Any CPU.Build.0 = Release|Any CPU
		{81476561-E9BD-466A-BB96-5B54375398D9}.Debug|Any CPU.ActiveCfg = Debug|Any CPU
		{81476561-E9BD-466A-BB96-5B54375398D9}.Debug|Any CPU.Build.0 = Debug|Any CPU
		{81476561-E9BD-466A-BB96-5B54375398D9}.Release|Any CPU.ActiveCfg = Release|Any CPU
		{81476561-E9BD-466A-BB96-5B54375398D9}.Release|Any CPU.Build.0 = Release|Any CPU
		{8C3D7B3D-B2DC-418B-9BB5-E9F39A11857C}.Debug|Any CPU.ActiveCfg = Debug|Any CPU
		{8C3D7B3D-B2DC-418B-9BB5-E9F39A11857C}.Debug|Any CPU.Build.0 = Debug|Any CPU
		{8C3D7B3D-B2DC-418B-9BB5-E9F39A11857C}.Release|Any CPU.ActiveCfg = Release|Any CPU
		{8C3D7B3D-B2DC-418B-9BB5-E9F39A11857C}.Release|Any CPU.Build.0 = Release|Any CPU
		{366A0989-DFB8-4497-8998-C07984A69322}.Debug|Any CPU.ActiveCfg = Debug|Any CPU
		{366A0989-DFB8-4497-8998-C07984A69322}.Debug|Any CPU.Build.0 = Debug|Any CPU
		{366A0989-DFB8-4497-8998-C07984A69322}.Release|Any CPU.ActiveCfg = Release|Any CPU
		{366A0989-DFB8-4497-8998-C07984A69322}.Release|Any CPU.Build.0 = Release|Any CPU
		{76CF8690-5435-4080-BF55-3AC4243104E8}.Debug|Any CPU.ActiveCfg = Debug|Any CPU
		{76CF8690-5435-4080-BF55-3AC4243104E8}.Debug|Any CPU.Build.0 = Debug|Any CPU
		{76CF8690-5435-4080-BF55-3AC4243104E8}.Release|Any CPU.ActiveCfg = Release|Any CPU
		{76CF8690-5435-4080-BF55-3AC4243104E8}.Release|Any CPU.Build.0 = Release|Any CPU
		{2063EAD2-F554-40B8-B836-C61927C1FFB5}.Debug|Any CPU.ActiveCfg = Debug|Any CPU
		{2063EAD2-F554-40B8-B836-C61927C1FFB5}.Debug|Any CPU.Build.0 = Debug|Any CPU
		{2063EAD2-F554-40B8-B836-C61927C1FFB5}.Release|Any CPU.ActiveCfg = Release|Any CPU
		{2063EAD2-F554-40B8-B836-C61927C1FFB5}.Release|Any CPU.Build.0 = Release|Any CPU
		{81A631CE-36FE-4F24-9F91-F859B1DE375B}.Debug|Any CPU.ActiveCfg = Debug|Any CPU
		{81A631CE-36FE-4F24-9F91-F859B1DE375B}.Debug|Any CPU.Build.0 = Debug|Any CPU
		{81A631CE-36FE-4F24-9F91-F859B1DE375B}.Release|Any CPU.ActiveCfg = Release|Any CPU
		{81A631CE-36FE-4F24-9F91-F859B1DE375B}.Release|Any CPU.Build.0 = Release|Any CPU
		{513C86D6-09A3-40A3-BA3F-B5DB92680F37}.Debug|Any CPU.ActiveCfg = Debug|Any CPU
		{513C86D6-09A3-40A3-BA3F-B5DB92680F37}.Debug|Any CPU.Build.0 = Debug|Any CPU
		{513C86D6-09A3-40A3-BA3F-B5DB92680F37}.Release|Any CPU.ActiveCfg = Release|Any CPU
		{513C86D6-09A3-40A3-BA3F-B5DB92680F37}.Release|Any CPU.Build.0 = Release|Any CPU
		{81517592-A943-4922-8A0D-13D08E6556C5}.Debug|Any CPU.ActiveCfg = Debug|Any CPU
		{81517592-A943-4922-8A0D-13D08E6556C5}.Debug|Any CPU.Build.0 = Debug|Any CPU
		{81517592-A943-4922-8A0D-13D08E6556C5}.Release|Any CPU.ActiveCfg = Release|Any CPU
		{81517592-A943-4922-8A0D-13D08E6556C5}.Release|Any CPU.Build.0 = Release|Any CPU
		{6238DB7F-02AD-4DB6-B4E4-7476BF9691E6}.Debug|Any CPU.ActiveCfg = Debug|Any CPU
		{6238DB7F-02AD-4DB6-B4E4-7476BF9691E6}.Debug|Any CPU.Build.0 = Debug|Any CPU
		{6238DB7F-02AD-4DB6-B4E4-7476BF9691E6}.Release|Any CPU.ActiveCfg = Release|Any CPU
		{6238DB7F-02AD-4DB6-B4E4-7476BF9691E6}.Release|Any CPU.Build.0 = Release|Any CPU
		{3ACEC351-FC16-4926-B426-57072DD5FBAA}.Debug|Any CPU.ActiveCfg = Debug|Any CPU
		{3ACEC351-FC16-4926-B426-57072DD5FBAA}.Debug|Any CPU.Build.0 = Debug|Any CPU
		{3ACEC351-FC16-4926-B426-57072DD5FBAA}.Release|Any CPU.ActiveCfg = Release|Any CPU
		{3ACEC351-FC16-4926-B426-57072DD5FBAA}.Release|Any CPU.Build.0 = Release|Any CPU
		{15CE2463-5F61-4464-A790-3456863A552F}.Debug|Any CPU.ActiveCfg = Debug|Any CPU
		{15CE2463-5F61-4464-A790-3456863A552F}.Debug|Any CPU.Build.0 = Debug|Any CPU
		{15CE2463-5F61-4464-A790-3456863A552F}.Release|Any CPU.ActiveCfg = Release|Any CPU
		{15CE2463-5F61-4464-A790-3456863A552F}.Release|Any CPU.Build.0 = Release|Any CPU
		{88859893-664F-4949-B5FE-A9EF2760EA12}.Debug|Any CPU.ActiveCfg = Debug|Any CPU
		{88859893-664F-4949-B5FE-A9EF2760EA12}.Debug|Any CPU.Build.0 = Debug|Any CPU
		{88859893-664F-4949-B5FE-A9EF2760EA12}.Release|Any CPU.ActiveCfg = Release|Any CPU
		{88859893-664F-4949-B5FE-A9EF2760EA12}.Release|Any CPU.Build.0 = Release|Any CPU
		{8DE9D7DC-EE0E-4ED0-94A3-CD361BDE0F7F}.Debug|Any CPU.ActiveCfg = Debug|Any CPU
		{8DE9D7DC-EE0E-4ED0-94A3-CD361BDE0F7F}.Debug|Any CPU.Build.0 = Debug|Any CPU
		{8DE9D7DC-EE0E-4ED0-94A3-CD361BDE0F7F}.Release|Any CPU.ActiveCfg = Release|Any CPU
		{8DE9D7DC-EE0E-4ED0-94A3-CD361BDE0F7F}.Release|Any CPU.Build.0 = Release|Any CPU
		{20A5F2BF-650B-4E77-ACFE-9A86B23C57FA}.Debug|Any CPU.ActiveCfg = Debug|Any CPU
		{20A5F2BF-650B-4E77-ACFE-9A86B23C57FA}.Debug|Any CPU.Build.0 = Debug|Any CPU
		{20A5F2BF-650B-4E77-ACFE-9A86B23C57FA}.Release|Any CPU.ActiveCfg = Release|Any CPU
		{20A5F2BF-650B-4E77-ACFE-9A86B23C57FA}.Release|Any CPU.Build.0 = Release|Any CPU
		{DD88C6AD-B399-4FF9-9FBC-9404CBBE7953}.Debug|Any CPU.ActiveCfg = Debug|Any CPU
		{DD88C6AD-B399-4FF9-9FBC-9404CBBE7953}.Debug|Any CPU.Build.0 = Debug|Any CPU
		{DD88C6AD-B399-4FF9-9FBC-9404CBBE7953}.Release|Any CPU.ActiveCfg = Release|Any CPU
		{DD88C6AD-B399-4FF9-9FBC-9404CBBE7953}.Release|Any CPU.Build.0 = Release|Any CPU
		{54B418F5-6B57-4E52-A852-4554C0B58A78}.Debug|Any CPU.ActiveCfg = Debug|Any CPU
		{54B418F5-6B57-4E52-A852-4554C0B58A78}.Debug|Any CPU.Build.0 = Debug|Any CPU
		{54B418F5-6B57-4E52-A852-4554C0B58A78}.Release|Any CPU.ActiveCfg = Release|Any CPU
		{54B418F5-6B57-4E52-A852-4554C0B58A78}.Release|Any CPU.Build.0 = Release|Any CPU
		{00018222-E4B7-41C2-83B0-0FE5CD744FC5}.Debug|Any CPU.ActiveCfg = Debug|Any CPU
		{00018222-E4B7-41C2-83B0-0FE5CD744FC5}.Debug|Any CPU.Build.0 = Debug|Any CPU
		{00018222-E4B7-41C2-83B0-0FE5CD744FC5}.Release|Any CPU.ActiveCfg = Release|Any CPU
		{00018222-E4B7-41C2-83B0-0FE5CD744FC5}.Release|Any CPU.Build.0 = Release|Any CPU
	EndGlobalSection
	GlobalSection(SolutionProperties) = preSolution
		HideSolutionNode = FALSE
	EndGlobalSection
	GlobalSection(ExtensibilityGlobals) = postSolution
		SolutionGuid = {3545C270-D650-472F-AE69-D0D3596F46E8}
	EndGlobalSection
EndGlobal
